
Microsoft Visual Studio Solution File, Format Version 12.00
# Visual Studio 14
VisualStudioVersion = 14.0.25420.1
MinimumVisualStudioVersion = 10.0.40219.1
Project("{2150E333-8FDC-42A3-9474-1A3956D46DE8}") = "_", "_", "{52C063E9-4DDE-4881-817C-149FC07161C4}"
	ProjectSection(SolutionItems) = preProject
		ReadMe.txt = ReadMe.txt
	EndProjectSection
EndProject
Project("{FAE04EC0-301F-11D3-BF4B-00C04F79EFBC}") = "Virtualne", "Virtualne\Virtualne.csproj", "{F0DE4BF9-E387-4782-AD25-60C24B00915F}"
EndProject
Project("{FAE04EC0-301F-11D3-BF4B-00C04F79EFBC}") = "new1", "new1\new1.csproj", "{7A64DA10-B40C-44A3-8D73-34CA4D90A68D}"
EndProject
Project("{FAE04EC0-301F-11D3-BF4B-00C04F79EFBC}") = "new3", "new3\new3.csproj", "{070B9B50-B253-448F-AC03-8E9B62532BE6}"
EndProject
Project("{FAE04EC0-301F-11D3-BF4B-00C04F79EFBC}") = "new2", "new2\new2.csproj", "{D4845E49-BDB3-4F45-AC46-E04907CDA516}"
EndProject
Project("{FAE04EC0-301F-11D3-BF4B-00C04F79EFBC}") = "Params", "Params\Params.csproj", "{98748710-F9C5-4164-8F6A-B494EA086FF7}"
EndProject
Project("{FAE04EC0-301F-11D3-BF4B-00C04F79EFBC}") = "ProsirujuceMetode", "ProsirujuceMetode\ProsirujuceMetode.csproj", "{8D828992-DDDD-4393-98F5-968D58CB2192}"
EndProject
Project("{2150E333-8FDC-42A3-9474-1A3956D46DE8}") = "00", "00", "{EEB640F2-9BC1-4C6B-B33D-124FA172B347}"
EndProject
Project("{FAE04EC0-301F-11D3-BF4B-00C04F79EFBC}") = "Preopterećenje", "Preopterećenje\Preopterećenje.csproj", "{ADB29469-7C55-4BCB-937A-CA74921D636A}"
EndProject
Project("{2150E333-8FDC-42A3-9474-1A3956D46DE8}") = "01", "01", "{ABCC070B-CB7D-4EA7-81A1-3D9D2994034C}"
EndProject
Project("{FAE04EC0-301F-11D3-BF4B-00C04F79EFBC}") = "Testovi", "Testovi\Testovi.csproj", "{C236BC68-4DC4-464D-86F9-3C5637101437}"
EndProject
Project("{FAE04EC0-301F-11D3-BF4B-00C04F79EFBC}") = "PreopterećenjePodrazumijevaniArg", "PreopterećenjePodrazumijevaniArg\PreopterećenjePodrazumijevaniArg.csproj", "{8FE8D674-D900-4FF3-9B74-0E6A9D694A84}"
EndProject
Project("{2150E333-8FDC-42A3-9474-1A3956D46DE8}") = "02", "02", "{AEC291A1-494B-46F3-AA8E-E4ECCA6E58B5}"
EndProject
Project("{FAE04EC0-301F-11D3-BF4B-00C04F79EFBC}") = "VrijednosniTipKaoParametar", "VrijednosniTipKaoParametar\VrijednosniTipKaoParametar.csproj", "{1CA23D6B-ACF8-4B36-8EA8-009FB7485DE0}"
EndProject
Project("{2150E333-8FDC-42A3-9474-1A3956D46DE8}") = "03", "03", "{C6BE63CD-0646-411C-9487-DD0CCD19FF41}"
EndProject
Project("{FAE04EC0-301F-11D3-BF4B-00C04F79EFBC}") = "ReferentniTipKaoParametar", "ReferentniTipKaoParametar\ReferentniTipKaoParametar.csproj", "{3CB61FE9-753A-4C71-825C-D9A98F49D67A}"
EndProject
Project("{2150E333-8FDC-42A3-9474-1A3956D46DE8}") = "04", "04", "{B340243D-A624-459F-8E49-87D5C7ED3C48}"
EndProject
Project("{FAE04EC0-301F-11D3-BF4B-00C04F79EFBC}") = "RefParametar", "RefParametar\RefParametar.csproj", "{DA8EE9F2-83C2-477C-9540-541D541540D0}"
EndProject
Project("{2150E333-8FDC-42A3-9474-1A3956D46DE8}") = "05", "05", "{4E361155-26E4-4102-AA1B-2CD4AC5AF12B}"
EndProject
Project("{FAE04EC0-301F-11D3-BF4B-00C04F79EFBC}") = "OutParametar", "OutParametar\OutParametar.csproj", "{49E04397-3610-48B9-B8C9-166EFF1F24D0}"
EndProject
Project("{2150E333-8FDC-42A3-9474-1A3956D46DE8}") = "06", "06", "{A6EC0BFC-4D1D-48FD-A99B-3BC439BD83D1}"
EndProject
Project("{FAE04EC0-301F-11D3-BF4B-00C04F79EFBC}") = "ZamjenaObjekata", "ZamjenaObjekata\ZamjenaObjekata.csproj", "{0594E6A3-112F-45B2-9C29-A6EB30F81F61}"
EndProject
Project("{2150E333-8FDC-42A3-9474-1A3956D46DE8}") = "07", "07", "{602E3981-86DA-41A5-A23B-9173120859CF}"
EndProject
Project("{FAE04EC0-301F-11D3-BF4B-00C04F79EFBC}") = "GeneričkaZamjena", "GeneričkaZamjena\GeneričkaZamjena.csproj", "{FFA98105-6430-46DA-8728-F2EFEE4A8039}"
EndProject
Global
	GlobalSection(SolutionConfigurationPlatforms) = preSolution
		Debug|Any CPU = Debug|Any CPU
		Release|Any CPU = Release|Any CPU
	EndGlobalSection
	GlobalSection(ProjectConfigurationPlatforms) = postSolution
		{F0DE4BF9-E387-4782-AD25-60C24B00915F}.Debug|Any CPU.ActiveCfg = Debug|Any CPU
		{F0DE4BF9-E387-4782-AD25-60C24B00915F}.Debug|Any CPU.Build.0 = Debug|Any CPU
		{F0DE4BF9-E387-4782-AD25-60C24B00915F}.Release|Any CPU.ActiveCfg = Release|Any CPU
		{F0DE4BF9-E387-4782-AD25-60C24B00915F}.Release|Any CPU.Build.0 = Release|Any CPU
		{7A64DA10-B40C-44A3-8D73-34CA4D90A68D}.Debug|Any CPU.ActiveCfg = Debug|Any CPU
		{7A64DA10-B40C-44A3-8D73-34CA4D90A68D}.Debug|Any CPU.Build.0 = Debug|Any CPU
		{7A64DA10-B40C-44A3-8D73-34CA4D90A68D}.Release|Any CPU.ActiveCfg = Release|Any CPU
		{7A64DA10-B40C-44A3-8D73-34CA4D90A68D}.Release|Any CPU.Build.0 = Release|Any CPU
		{070B9B50-B253-448F-AC03-8E9B62532BE6}.Debug|Any CPU.ActiveCfg = Debug|Any CPU
		{070B9B50-B253-448F-AC03-8E9B62532BE6}.Debug|Any CPU.Build.0 = Debug|Any CPU
		{070B9B50-B253-448F-AC03-8E9B62532BE6}.Release|Any CPU.ActiveCfg = Release|Any CPU
		{070B9B50-B253-448F-AC03-8E9B62532BE6}.Release|Any CPU.Build.0 = Release|Any CPU
		{D4845E49-BDB3-4F45-AC46-E04907CDA516}.Debug|Any CPU.ActiveCfg = Debug|Any CPU
		{D4845E49-BDB3-4F45-AC46-E04907CDA516}.Debug|Any CPU.Build.0 = Debug|Any CPU
		{D4845E49-BDB3-4F45-AC46-E04907CDA516}.Release|Any CPU.ActiveCfg = Release|Any CPU
		{D4845E49-BDB3-4F45-AC46-E04907CDA516}.Release|Any CPU.Build.0 = Release|Any CPU
		{98748710-F9C5-4164-8F6A-B494EA086FF7}.Debug|Any CPU.ActiveCfg = Debug|Any CPU
		{98748710-F9C5-4164-8F6A-B494EA086FF7}.Debug|Any CPU.Build.0 = Debug|Any CPU
		{98748710-F9C5-4164-8F6A-B494EA086FF7}.Release|Any CPU.ActiveCfg = Release|Any CPU
		{98748710-F9C5-4164-8F6A-B494EA086FF7}.Release|Any CPU.Build.0 = Release|Any CPU
		{8D828992-DDDD-4393-98F5-968D58CB2192}.Debug|Any CPU.ActiveCfg = Debug|Any CPU
		{8D828992-DDDD-4393-98F5-968D58CB2192}.Debug|Any CPU.Build.0 = Debug|Any CPU
		{8D828992-DDDD-4393-98F5-968D58CB2192}.Release|Any CPU.ActiveCfg = Release|Any CPU
		{8D828992-DDDD-4393-98F5-968D58CB2192}.Release|Any CPU.Build.0 = Release|Any CPU
		{ADB29469-7C55-4BCB-937A-CA74921D636A}.Debug|Any CPU.ActiveCfg = Debug|Any CPU
		{ADB29469-7C55-4BCB-937A-CA74921D636A}.Debug|Any CPU.Build.0 = Debug|Any CPU
		{ADB29469-7C55-4BCB-937A-CA74921D636A}.Release|Any CPU.ActiveCfg = Release|Any CPU
		{ADB29469-7C55-4BCB-937A-CA74921D636A}.Release|Any CPU.Build.0 = Release|Any CPU
		{C236BC68-4DC4-464D-86F9-3C5637101437}.Debug|Any CPU.ActiveCfg = Debug|Any CPU
		{C236BC68-4DC4-464D-86F9-3C5637101437}.Debug|Any CPU.Build.0 = Debug|Any CPU
		{C236BC68-4DC4-464D-86F9-3C5637101437}.Release|Any CPU.ActiveCfg = Release|Any CPU
		{C236BC68-4DC4-464D-86F9-3C5637101437}.Release|Any CPU.Build.0 = Release|Any CPU
		{8FE8D674-D900-4FF3-9B74-0E6A9D694A84}.Debug|Any CPU.ActiveCfg = Debug|Any CPU
		{8FE8D674-D900-4FF3-9B74-0E6A9D694A84}.Debug|Any CPU.Build.0 = Debug|Any CPU
		{8FE8D674-D900-4FF3-9B74-0E6A9D694A84}.Release|Any CPU.ActiveCfg = Release|Any CPU
		{8FE8D674-D900-4FF3-9B74-0E6A9D694A84}.Release|Any CPU.Build.0 = Release|Any CPU
		{1CA23D6B-ACF8-4B36-8EA8-009FB7485DE0}.Debug|Any CPU.ActiveCfg = Debug|Any CPU
		{1CA23D6B-ACF8-4B36-8EA8-009FB7485DE0}.Debug|Any CPU.Build.0 = Debug|Any CPU
		{1CA23D6B-ACF8-4B36-8EA8-009FB7485DE0}.Release|Any CPU.ActiveCfg = Release|Any CPU
		{1CA23D6B-ACF8-4B36-8EA8-009FB7485DE0}.Release|Any CPU.Build.0 = Release|Any CPU
		{3CB61FE9-753A-4C71-825C-D9A98F49D67A}.Debug|Any CPU.ActiveCfg = Debug|Any CPU
		{3CB61FE9-753A-4C71-825C-D9A98F49D67A}.Debug|Any CPU.Build.0 = Debug|Any CPU
		{3CB61FE9-753A-4C71-825C-D9A98F49D67A}.Release|Any CPU.ActiveCfg = Release|Any CPU
		{3CB61FE9-753A-4C71-825C-D9A98F49D67A}.Release|Any CPU.Build.0 = Release|Any CPU
		{DA8EE9F2-83C2-477C-9540-541D541540D0}.Debug|Any CPU.ActiveCfg = Debug|Any CPU
		{DA8EE9F2-83C2-477C-9540-541D541540D0}.Debug|Any CPU.Build.0 = Debug|Any CPU
		{DA8EE9F2-83C2-477C-9540-541D541540D0}.Release|Any CPU.ActiveCfg = Release|Any CPU
		{DA8EE9F2-83C2-477C-9540-541D541540D0}.Release|Any CPU.Build.0 = Release|Any CPU
		{49E04397-3610-48B9-B8C9-166EFF1F24D0}.Debug|Any CPU.ActiveCfg = Debug|Any CPU
		{49E04397-3610-48B9-B8C9-166EFF1F24D0}.Debug|Any CPU.Build.0 = Debug|Any CPU
		{49E04397-3610-48B9-B8C9-166EFF1F24D0}.Release|Any CPU.ActiveCfg = Release|Any CPU
		{49E04397-3610-48B9-B8C9-166EFF1F24D0}.Release|Any CPU.Build.0 = Release|Any CPU
		{0594E6A3-112F-45B2-9C29-A6EB30F81F61}.Debug|Any CPU.ActiveCfg = Debug|Any CPU
		{0594E6A3-112F-45B2-9C29-A6EB30F81F61}.Debug|Any CPU.Build.0 = Debug|Any CPU
		{0594E6A3-112F-45B2-9C29-A6EB30F81F61}.Release|Any CPU.ActiveCfg = Release|Any CPU
		{0594E6A3-112F-45B2-9C29-A6EB30F81F61}.Release|Any CPU.Build.0 = Release|Any CPU
		{FFA98105-6430-46DA-8728-F2EFEE4A8039}.Debug|Any CPU.ActiveCfg = Debug|Any CPU
		{FFA98105-6430-46DA-8728-F2EFEE4A8039}.Debug|Any CPU.Build.0 = Debug|Any CPU
		{FFA98105-6430-46DA-8728-F2EFEE4A8039}.Release|Any CPU.ActiveCfg = Release|Any CPU
		{FFA98105-6430-46DA-8728-F2EFEE4A8039}.Release|Any CPU.Build.0 = Release|Any CPU
	EndGlobalSection
	GlobalSection(SolutionProperties) = preSolution
		HideSolutionNode = FALSE
	EndGlobalSection
	GlobalSection(NestedProjects) = preSolution
		{ADB29469-7C55-4BCB-937A-CA74921D636A} = {EEB640F2-9BC1-4C6B-B33D-124FA172B347}
		{8FE8D674-D900-4FF3-9B74-0E6A9D694A84} = {ABCC070B-CB7D-4EA7-81A1-3D9D2994034C}
		{1CA23D6B-ACF8-4B36-8EA8-009FB7485DE0} = {AEC291A1-494B-46F3-AA8E-E4ECCA6E58B5}
		{3CB61FE9-753A-4C71-825C-D9A98F49D67A} = {C6BE63CD-0646-411C-9487-DD0CCD19FF41}
		{DA8EE9F2-83C2-477C-9540-541D541540D0} = {B340243D-A624-459F-8E49-87D5C7ED3C48}
		{49E04397-3610-48B9-B8C9-166EFF1F24D0} = {4E361155-26E4-4102-AA1B-2CD4AC5AF12B}
		{0594E6A3-112F-45B2-9C29-A6EB30F81F61} = {A6EC0BFC-4D1D-48FD-A99B-3BC439BD83D1}
		{FFA98105-6430-46DA-8728-F2EFEE4A8039} = {602E3981-86DA-41A5-A23B-9173120859CF}
	EndGlobalSection
EndGlobal
